
Microsoft Visual Studio Solution File, Format Version 12.00
# Visual Studio Version 17
VisualStudioVersion = 17.1.32421.90
MinimumVisualStudioVersion = 10.0.40219.1
Project("{FAE04EC0-301F-11D3-BF4B-00C04F79EFBC}") = "TrainAPI", "TrainAPI\TrainAPI.csproj", "{7D058B54-CB87-4E76-B5EB-A5E0F1FED146}"
EndProject
Global
	GlobalSection(SolutionConfigurationPlatforms) = preSolution
		Debug|Any CPU = Debug|Any CPU
		Release|Any CPU = Release|Any CPU
	EndGlobalSection
	GlobalSection(ProjectConfigurationPlatforms) = postSolution
		{7D058B54-CB87-4E76-B5EB-A5E0F1FED146}.Debug|Any CPU.ActiveCfg = Debug|Any CPU
		{7D058B54-CB87-4E76-B5EB-A5E0F1FED146}.Debug|Any CPU.Build.0 = Debug|Any CPU
		{7D058B54-CB87-4E76-B5EB-A5E0F1FED146}.Release|Any CPU.ActiveCfg = Release|Any CPU
		{7D058B54-CB87-4E76-B5EB-A5E0F1FED146}.Release|Any CPU.Build.0 = Release|Any CPU
	EndGlobalSection
	GlobalSection(SolutionProperties) = preSolution
		HideSolutionNode = FALSE
	EndGlobalSection
	GlobalSection(ExtensibilityGlobals) = postSolution
		SolutionGuid = {5CE6A471-9C76-48BE-92B8-FC9EE8850C62}
	EndGlobalSection
EndGlobal
